// !$*UTF8*$!
{
	archiveVersion = 1;
	classes = {
	};
	objectVersion = 56;
	objects = {

/* Begin PBXBuildFile section */
		3F8110572C775EE8005F3D4B /* TestAppForJobApp.swift in Sources */ = {isa = PBXBuildFile; fileRef = 3F8110562C775EE8005F3D4B /* TestAppForJobApp.swift */; };
		3F8110592C775EE8005F3D4B /* ContentView.swift in Sources */ = {isa = PBXBuildFile; fileRef = 3F8110582C775EE8005F3D4B /* ContentView.swift */; };
		3F81105B2C775EEA005F3D4B /* Assets.xcassets in Resources */ = {isa = PBXBuildFile; fileRef = 3F81105A2C775EEA005F3D4B /* Assets.xcassets */; };
		3F81105E2C775EEA005F3D4B /* Preview Assets.xcassets in Resources */ = {isa = PBXBuildFile; fileRef = 3F81105D2C775EEA005F3D4B /* Preview Assets.xcassets */; };
		3F8110652C776145005F3D4B /* ProductModel.swift in Sources */ = {isa = PBXBuildFile; fileRef = 3F8110642C776145005F3D4B /* ProductModel.swift */; };
		3F8110672C7789EF005F3D4B /* ListView.swift in Sources */ = {isa = PBXBuildFile; fileRef = 3F8110662C7789EF005F3D4B /* ListView.swift */; };
		3F8110692C7789F6005F3D4B /* GridView.swift in Sources */ = {isa = PBXBuildFile; fileRef = 3F8110682C7789F6005F3D4B /* GridView.swift */; };
		3F8110702C779D90005F3D4B /* ColorHEX.swift in Sources */ = {isa = PBXBuildFile; fileRef = 3F81106F2C779D90005F3D4B /* ColorHEX.swift */; };
		3F8110732C77B5BA005F3D4B /* CornerRadius.swift in Sources */ = {isa = PBXBuildFile; fileRef = 3F8110722C77B5BA005F3D4B /* CornerRadius.swift */; };
		3F8110752C77D53B005F3D4B /* ProductCellViewProtocol.swift in Sources */ = {isa = PBXBuildFile; fileRef = 3F8110742C77D53B005F3D4B /* ProductCellViewProtocol.swift */; };
		3F81107F2C78B7A4005F3D4B /* CountryEnum.swift in Sources */ = {isa = PBXBuildFile; fileRef = 3F81107E2C78B7A4005F3D4B /* CountryEnum.swift */; };
		3F8110812C78BB99005F3D4B /* ShopButton.swift in Sources */ = {isa = PBXBuildFile; fileRef = 3F8110802C78BB99005F3D4B /* ShopButton.swift */; };
		3F8110852C78BC0C005F3D4B /* ViewModel.swift in Sources */ = {isa = PBXBuildFile; fileRef = 3F8110842C78BC0C005F3D4B /* ViewModel.swift */; };
		3F8110872C790CCE005F3D4B /* CardItemModel.swift in Sources */ = {isa = PBXBuildFile; fileRef = 3F8110862C790CCE005F3D4B /* CardItemModel.swift */; };
		3F8110892C7923BF005F3D4B /* QuantityType.swift in Sources */ = {isa = PBXBuildFile; fileRef = 3F8110882C7923BF005F3D4B /* QuantityType.swift */; };
		3F81108B2C7A577F005F3D4B /* PaddingExtention.swift in Sources */ = {isa = PBXBuildFile; fileRef = 3F81108A2C7A577E005F3D4B /* PaddingExtention.swift */; };
		3F81108D2C7A83D8005F3D4B /* CartView.swift in Sources */ = {isa = PBXBuildFile; fileRef = 3F81108C2C7A83D8005F3D4B /* CartView.swift */; };
/* End PBXBuildFile section */

/* Begin PBXFileReference section */
		3F8110532C775EE8005F3D4B /* TestAppForJob.app */ = {isa = PBXFileReference; explicitFileType = wrapper.application; includeInIndex = 0; path = TestAppForJob.app; sourceTree = BUILT_PRODUCTS_DIR; };
		3F8110562C775EE8005F3D4B /* TestAppForJobApp.swift */ = {isa = PBXFileReference; lastKnownFileType = sourcecode.swift; path = TestAppForJobApp.swift; sourceTree = "<group>"; };
		3F8110582C775EE8005F3D4B /* ContentView.swift */ = {isa = PBXFileReference; lastKnownFileType = sourcecode.swift; path = ContentView.swift; sourceTree = "<group>"; };
		3F81105A2C775EEA005F3D4B /* Assets.xcassets */ = {isa = PBXFileReference; lastKnownFileType = folder.assetcatalog; path = Assets.xcassets; sourceTree = "<group>"; };
		3F81105D2C775EEA005F3D4B /* Preview Assets.xcassets */ = {isa = PBXFileReference; lastKnownFileType = folder.assetcatalog; path = "Preview Assets.xcassets"; sourceTree = "<group>"; };
		3F8110642C776145005F3D4B /* ProductModel.swift */ = {isa = PBXFileReference; lastKnownFileType = sourcecode.swift; path = ProductModel.swift; sourceTree = "<group>"; };
		3F8110662C7789EF005F3D4B /* ListView.swift */ = {isa = PBXFileReference; lastKnownFileType = sourcecode.swift; path = ListView.swift; sourceTree = "<group>"; };
		3F8110682C7789F6005F3D4B /* GridView.swift */ = {isa = PBXFileReference; lastKnownFileType = sourcecode.swift; path = GridView.swift; sourceTree = "<group>"; };
		3F81106F2C779D90005F3D4B /* ColorHEX.swift */ = {isa = PBXFileReference; lastKnownFileType = sourcecode.swift; path = ColorHEX.swift; sourceTree = "<group>"; };
		3F8110722C77B5BA005F3D4B /* CornerRadius.swift */ = {isa = PBXFileReference; lastKnownFileType = sourcecode.swift; path = CornerRadius.swift; sourceTree = "<group>"; };
		3F8110742C77D53B005F3D4B /* ProductCellViewProtocol.swift */ = {isa = PBXFileReference; lastKnownFileType = sourcecode.swift; path = ProductCellViewProtocol.swift; sourceTree = "<group>"; };
		3F81107E2C78B7A4005F3D4B /* CountryEnum.swift */ = {isa = PBXFileReference; lastKnownFileType = sourcecode.swift; path = CountryEnum.swift; sourceTree = "<group>"; };
		3F8110802C78BB99005F3D4B /* ShopButton.swift */ = {isa = PBXFileReference; lastKnownFileType = sourcecode.swift; path = ShopButton.swift; sourceTree = "<group>"; };
		3F8110842C78BC0C005F3D4B /* ViewModel.swift */ = {isa = PBXFileReference; lastKnownFileType = sourcecode.swift; path = ViewModel.swift; sourceTree = "<group>"; };
		3F8110862C790CCE005F3D4B /* CardItemModel.swift */ = {isa = PBXFileReference; lastKnownFileType = sourcecode.swift; path = CardItemModel.swift; sourceTree = "<group>"; };
		3F8110882C7923BF005F3D4B /* QuantityType.swift */ = {isa = PBXFileReference; lastKnownFileType = sourcecode.swift; path = QuantityType.swift; sourceTree = "<group>"; };
		3F81108A2C7A577E005F3D4B /* PaddingExtention.swift */ = {isa = PBXFileReference; lastKnownFileType = sourcecode.swift; path = PaddingExtention.swift; sourceTree = "<group>"; };
		3F81108C2C7A83D8005F3D4B /* CartView.swift */ = {isa = PBXFileReference; lastKnownFileType = sourcecode.swift; path = CartView.swift; sourceTree = "<group>"; };
/* End PBXFileReference section */

/* Begin PBXFrameworksBuildPhase section */
		3F8110502C775EE8005F3D4B /* Frameworks */ = {
			isa = PBXFrameworksBuildPhase;
			buildActionMask = 2147483647;
			files = (
			);
			runOnlyForDeploymentPostprocessing = 0;
		};
/* End PBXFrameworksBuildPhase section */

/* Begin PBXGroup section */
		3F81104A2C775EE8005F3D4B = {
			isa = PBXGroup;
			children = (
				3F8110552C775EE8005F3D4B /* TestAppForJob */,
				3F8110542C775EE8005F3D4B /* Products */,
			);
			sourceTree = "<group>";
		};
		3F8110542C775EE8005F3D4B /* Products */ = {
			isa = PBXGroup;
			children = (
				3F8110532C775EE8005F3D4B /* TestAppForJob.app */,
			);
			name = Products;
			sourceTree = "<group>";
		};
		3F8110552C775EE8005F3D4B /* TestAppForJob */ = {
			isa = PBXGroup;
			children = (
				3F81107D2C78B79B005F3D4B /* Helper */,
				3F81106D2C779D75005F3D4B /* UIExtensions */,
				3F8110562C775EE8005F3D4B /* TestAppForJobApp.swift */,
				3F8110582C775EE8005F3D4B /* ContentView.swift */,
				3F81105A2C775EEA005F3D4B /* Assets.xcassets */,
				3F81105C2C775EEA005F3D4B /* Preview Content */,
				3F81106B2C778A7E005F3D4B /* Models */,
				3F81106A2C778A73005F3D4B /* Views */,
				3F8110832C78BBDC005F3D4B /* ViewModel */,
			);
			path = TestAppForJob;
			sourceTree = "<group>";
		};
		3F81105C2C775EEA005F3D4B /* Preview Content */ = {
			isa = PBXGroup;
			children = (
				3F81105D2C775EEA005F3D4B /* Preview Assets.xcassets */,
			);
			path = "Preview Content";
			sourceTree = "<group>";
		};
		3F81106A2C778A73005F3D4B /* Views */ = {
			isa = PBXGroup;
			children = (
				3F8110662C7789EF005F3D4B /* ListView.swift */,
				3F8110682C7789F6005F3D4B /* GridView.swift */,
				3F8110742C77D53B005F3D4B /* ProductCellViewProtocol.swift */,
				3F8110802C78BB99005F3D4B /* ShopButton.swift */,
				3F81108C2C7A83D8005F3D4B /* CartView.swift */,
			);
			path = Views;
			sourceTree = "<group>";
		};
		3F81106B2C778A7E005F3D4B /* Models */ = {
			isa = PBXGroup;
			children = (
				3F8110642C776145005F3D4B /* ProductModel.swift */,
				3F8110862C790CCE005F3D4B /* CardItemModel.swift */,
				3F8110882C7923BF005F3D4B /* QuantityType.swift */,
			);
			path = Models;
			sourceTree = "<group>";
		};
		3F81106D2C779D75005F3D4B /* UIExtensions */ = {
			isa = PBXGroup;
			children = (
				3F8110712C77B5B0005F3D4B /* View */,
				3F81106E2C779D82005F3D4B /* Color */,
			);
			path = UIExtensions;
			sourceTree = "<group>";
		};
		3F81106E2C779D82005F3D4B /* Color */ = {
			isa = PBXGroup;
			children = (
				3F81106F2C779D90005F3D4B /* ColorHEX.swift */,
			);
			path = Color;
			sourceTree = "<group>";
		};
		3F8110712C77B5B0005F3D4B /* View */ = {
			isa = PBXGroup;
			children = (
				3F8110722C77B5BA005F3D4B /* CornerRadius.swift */,
				3F81108A2C7A577E005F3D4B /* PaddingExtention.swift */,
			);
			path = View;
			sourceTree = "<group>";
		};
		3F81107D2C78B79B005F3D4B /* Helper */ = {
			isa = PBXGroup;
			children = (
				3F81107E2C78B7A4005F3D4B /* CountryEnum.swift */,
			);
			path = Helper;
			sourceTree = "<group>";
		};
		3F8110832C78BBDC005F3D4B /* ViewModel */ = {
			isa = PBXGroup;
			children = (
				3F8110842C78BC0C005F3D4B /* ViewModel.swift */,
			);
			path = ViewModel;
			sourceTree = "<group>";
		};
/* End PBXGroup section */

/* Begin PBXNativeTarget section */
		3F8110522C775EE8005F3D4B /* TestAppForJob */ = {
			isa = PBXNativeTarget;
			buildConfigurationList = 3F8110612C775EEA005F3D4B /* Build configuration list for PBXNativeTarget "TestAppForJob" */;
			buildPhases = (
				3F81104F2C775EE8005F3D4B /* Sources */,
				3F8110502C775EE8005F3D4B /* Frameworks */,
				3F8110512C775EE8005F3D4B /* Resources */,
			);
			buildRules = (
			);
			dependencies = (
			);
			name = TestAppForJob;
			productName = TestAppForJob;
			productReference = 3F8110532C775EE8005F3D4B /* TestAppForJob.app */;
			productType = "com.apple.product-type.application";
		};
/* End PBXNativeTarget section */

/* Begin PBXProject section */
		3F81104B2C775EE8005F3D4B /* Project object */ = {
			isa = PBXProject;
			attributes = {
				BuildIndependentTargetsInParallel = 1;
				LastSwiftUpdateCheck = 1530;
				LastUpgradeCheck = 1530;
				TargetAttributes = {
					3F8110522C775EE8005F3D4B = {
						CreatedOnToolsVersion = 15.3;
					};
				};
			};
			buildConfigurationList = 3F81104E2C775EE8005F3D4B /* Build configuration list for PBXProject "TestAppForJob" */;
			compatibilityVersion = "Xcode 14.0";
			developmentRegion = en;
			hasScannedForEncodings = 0;
			knownRegions = (
				en,
				Base,
			);
			mainGroup = 3F81104A2C775EE8005F3D4B;
			productRefGroup = 3F8110542C775EE8005F3D4B /* Products */;
			projectDirPath = "";
			projectRoot = "";
			targets = (
				3F8110522C775EE8005F3D4B /* TestAppForJob */,
			);
		};
/* End PBXProject section */

/* Begin PBXResourcesBuildPhase section */
		3F8110512C775EE8005F3D4B /* Resources */ = {
			isa = PBXResourcesBuildPhase;
			buildActionMask = 2147483647;
			files = (
				3F81105E2C775EEA005F3D4B /* Preview Assets.xcassets in Resources */,
				3F81105B2C775EEA005F3D4B /* Assets.xcassets in Resources */,
			);
			runOnlyForDeploymentPostprocessing = 0;
		};
/* End PBXResourcesBuildPhase section */

/* Begin PBXSourcesBuildPhase section */
		3F81104F2C775EE8005F3D4B /* Sources */ = {
			isa = PBXSourcesBuildPhase;
			buildActionMask = 2147483647;
			files = (
				3F81108D2C7A83D8005F3D4B /* CartView.swift in Sources */,
				3F8110672C7789EF005F3D4B /* ListView.swift in Sources */,
				3F8110732C77B5BA005F3D4B /* CornerRadius.swift in Sources */,
				3F8110892C7923BF005F3D4B /* QuantityType.swift in Sources */,
				3F81107F2C78B7A4005F3D4B /* CountryEnum.swift in Sources */,
				3F81108B2C7A577F005F3D4B /* PaddingExtention.swift in Sources */,
				3F8110812C78BB99005F3D4B /* ShopButton.swift in Sources */,
				3F8110872C790CCE005F3D4B /* CardItemModel.swift in Sources */,
				3F8110702C779D90005F3D4B /* ColorHEX.swift in Sources */,
				3F8110592C775EE8005F3D4B /* ContentView.swift in Sources */,
				3F8110852C78BC0C005F3D4B /* ViewModel.swift in Sources */,
				3F8110652C776145005F3D4B /* ProductModel.swift in Sources */,
				3F8110692C7789F6005F3D4B /* GridView.swift in Sources */,
				3F8110752C77D53B005F3D4B /* ProductCellViewProtocol.swift in Sources */,
				3F8110572C775EE8005F3D4B /* TestAppForJobApp.swift in Sources */,
			);
			runOnlyForDeploymentPostprocessing = 0;
		};
/* End PBXSourcesBuildPhase section */

/* Begin XCBuildConfiguration section */
		3F81105F2C775EEA005F3D4B /* Debug */ = {
			isa = XCBuildConfiguration;
			buildSettings = {
				ALWAYS_SEARCH_USER_PATHS = NO;
				ASSETCATALOG_COMPILER_GENERATE_SWIFT_ASSET_SYMBOL_EXTENSIONS = YES;
				CLANG_ANALYZER_NONNULL = YES;
				CLANG_ANALYZER_NUMBER_OBJECT_CONVERSION = YES_AGGRESSIVE;
				CLANG_CXX_LANGUAGE_STANDARD = "gnu++20";
				CLANG_ENABLE_MODULES = YES;
				CLANG_ENABLE_OBJC_ARC = YES;
				CLANG_ENABLE_OBJC_WEAK = YES;
				CLANG_WARN_BLOCK_CAPTURE_AUTORELEASING = YES;
				CLANG_WARN_BOOL_CONVERSION = YES;
				CLANG_WARN_COMMA = YES;
				CLANG_WARN_CONSTANT_CONVERSION = YES;
				CLANG_WARN_DEPRECATED_OBJC_IMPLEMENTATIONS = YES;
				CLANG_WARN_DIRECT_OBJC_ISA_USAGE = YES_ERROR;
				CLANG_WARN_DOCUMENTATION_COMMENTS = YES;
				CLANG_WARN_EMPTY_BODY = YES;
				CLANG_WARN_ENUM_CONVERSION = YES;
				CLANG_WARN_INFINITE_RECURSION = YES;
				CLANG_WARN_INT_CONVERSION = YES;
				CLANG_WARN_NON_LITERAL_NULL_CONVERSION = YES;
				CLANG_WARN_OBJC_IMPLICIT_RETAIN_SELF = YES;
				CLANG_WARN_OBJC_LITERAL_CONVERSION = YES;
				CLANG_WARN_OBJC_ROOT_CLASS = YES_ERROR;
				CLANG_WARN_QUOTED_INCLUDE_IN_FRAMEWORK_HEADER = YES;
				CLANG_WARN_RANGE_LOOP_ANALYSIS = YES;
				CLANG_WARN_STRICT_PROTOTYPES = YES;
				CLANG_WARN_SUSPICIOUS_MOVE = YES;
				CLANG_WARN_UNGUARDED_AVAILABILITY = YES_AGGRESSIVE;
				CLANG_WARN_UNREACHABLE_CODE = YES;
				CLANG_WARN__DUPLICATE_METHOD_MATCH = YES;
				COPY_PHASE_STRIP = NO;
				DEBUG_INFORMATION_FORMAT = dwarf;
				ENABLE_STRICT_OBJC_MSGSEND = YES;
				ENABLE_TESTABILITY = YES;
				ENABLE_USER_SCRIPT_SANDBOXING = YES;
				GCC_C_LANGUAGE_STANDARD = gnu17;
				GCC_DYNAMIC_NO_PIC = NO;
				GCC_NO_COMMON_BLOCKS = YES;
				GCC_OPTIMIZATION_LEVEL = 0;
				GCC_PREPROCESSOR_DEFINITIONS = (
					"DEBUG=1",
					"$(inherited)",
				);
				GCC_WARN_64_TO_32_BIT_CONVERSION = YES;
				GCC_WARN_ABOUT_RETURN_TYPE = YES_ERROR;
				GCC_WARN_UNDECLARED_SELECTOR = YES;
				GCC_WARN_UNINITIALIZED_AUTOS = YES_AGGRESSIVE;
				GCC_WARN_UNUSED_FUNCTION = YES;
				GCC_WARN_UNUSED_VARIABLE = YES;
				IPHONEOS_DEPLOYMENT_TARGET = 17.4;
				LOCALIZATION_PREFERS_STRING_CATALOGS = YES;
				MTL_ENABLE_DEBUG_INFO = INCLUDE_SOURCE;
				MTL_FAST_MATH = YES;
				ONLY_ACTIVE_ARCH = YES;
				SDKROOT = iphoneos;
				SWIFT_ACTIVE_COMPILATION_CONDITIONS = "DEBUG $(inherited)";
				SWIFT_OPTIMIZATION_LEVEL = "-Onone";
			};
			name = Debug;
		};
		3F8110602C775EEA005F3D4B /* Release */ = {
			isa = XCBuildConfiguration;
			buildSettings = {
				ALWAYS_SEARCH_USER_PATHS = NO;
				ASSETCATALOG_COMPILER_GENERATE_SWIFT_ASSET_SYMBOL_EXTENSIONS = YES;
				CLANG_ANALYZER_NONNULL = YES;
				CLANG_ANALYZER_NUMBER_OBJECT_CONVERSION = YES_AGGRESSIVE;
				CLANG_CXX_LANGUAGE_STANDARD = "gnu++20";
				CLANG_ENABLE_MODULES = YES;
				CLANG_ENABLE_OBJC_ARC = YES;
				CLANG_ENABLE_OBJC_WEAK = YES;
				CLANG_WARN_BLOCK_CAPTURE_AUTORELEASING = YES;
				CLANG_WARN_BOOL_CONVERSION = YES;
				CLANG_WARN_COMMA = YES;
				CLANG_WARN_CONSTANT_CONVERSION = YES;
				CLANG_WARN_DEPRECATED_OBJC_IMPLEMENTATIONS = YES;
				CLANG_WARN_DIRECT_OBJC_ISA_USAGE = YES_ERROR;
				CLANG_WARN_DOCUMENTATION_COMMENTS = YES;
				CLANG_WARN_EMPTY_BODY = YES;
				CLANG_WARN_ENUM_CONVERSION = YES;
				CLANG_WARN_INFINITE_RECURSION = YES;
				CLANG_WARN_INT_CONVERSION = YES;
				CLANG_WARN_NON_LITERAL_NULL_CONVERSION = YES;
				CLANG_WARN_OBJC_IMPLICIT_RETAIN_SELF = YES;
				CLANG_WARN_OBJC_LITERAL_CONVERSION = YES;
				CLANG_WARN_OBJC_ROOT_CLASS = YES_ERROR;
				CLANG_WARN_QUOTED_INCLUDE_IN_FRAMEWORK_HEADER = YES;
				CLANG_WARN_RANGE_LOOP_ANALYSIS = YES;
				CLANG_WARN_STRICT_PROTOTYPES = YES;
				CLANG_WARN_SUSPICIOUS_MOVE = YES;
				CLANG_WARN_UNGUARDED_AVAILABILITY = YES_AGGRESSIVE;
				CLANG_WARN_UNREACHABLE_CODE = YES;
				CLANG_WARN__DUPLICATE_METHOD_MATCH = YES;
				COPY_PHASE_STRIP = NO;
				DEBUG_INFORMATION_FORMAT = "dwarf-with-dsym";
				ENABLE_NS_ASSERTIONS = NO;
				ENABLE_STRICT_OBJC_MSGSEND = YES;
				ENABLE_USER_SCRIPT_SANDBOXING = YES;
				GCC_C_LANGUAGE_STANDARD = gnu17;
				GCC_NO_COMMON_BLOCKS = YES;
				GCC_WARN_64_TO_32_BIT_CONVERSION = YES;
				GCC_WARN_ABOUT_RETURN_TYPE = YES_ERROR;
				GCC_WARN_UNDECLARED_SELECTOR = YES;
				GCC_WARN_UNINITIALIZED_AUTOS = YES_AGGRESSIVE;
				GCC_WARN_UNUSED_FUNCTION = YES;
				GCC_WARN_UNUSED_VARIABLE = YES;
				IPHONEOS_DEPLOYMENT_TARGET = 17.4;
				LOCALIZATION_PREFERS_STRING_CATALOGS = YES;
				MTL_ENABLE_DEBUG_INFO = NO;
				MTL_FAST_MATH = YES;
				SDKROOT = iphoneos;
				SWIFT_COMPILATION_MODE = wholemodule;
				VALIDATE_PRODUCT = YES;
			};
			name = Release;
		};
		3F8110622C775EEA005F3D4B /* Debug */ = {
			isa = XCBuildConfiguration;
			buildSettings = {
				ASSETCATALOG_COMPILER_APPICON_NAME = AppIcon;
				ASSETCATALOG_COMPILER_GLOBAL_ACCENT_COLOR_NAME = AccentColor;
				CODE_SIGN_STYLE = Automatic;
				CURRENT_PROJECT_VERSION = 1;
				DEVELOPMENT_ASSET_PATHS = "\"TestAppForJob/Preview Content\"";
				DEVELOPMENT_TEAM = UBRTH86SZ3;
				ENABLE_PREVIEWS = YES;
				GENERATE_INFOPLIST_FILE = YES;
				INFOPLIST_KEY_UIApplicationSceneManifest_Generation = YES;
				INFOPLIST_KEY_UIApplicationSupportsIndirectInputEvents = YES;
				INFOPLIST_KEY_UILaunchScreen_Generation = YES;
				INFOPLIST_KEY_UISupportedInterfaceOrientations_iPad = "UIInterfaceOrientationPortrait UIInterfaceOrientationPortraitUpsideDown UIInterfaceOrientationLandscapeLeft UIInterfaceOrientationLandscapeRight";
				INFOPLIST_KEY_UISupportedInterfaceOrientations_iPhone = "UIInterfaceOrientationPortrait UIInterfaceOrientationLandscapeLeft UIInterfaceOrientationLandscapeRight";
				LD_RUNPATH_SEARCH_PATHS = (
					"$(inherited)",
					"@executable_path/Frameworks",
				);
				MARKETING_VERSION = 1.0;
				PRODUCT_BUNDLE_IDENTIFIER = kairatovalmat.TestAppForJob;
				PRODUCT_NAME = "$(TARGET_NAME)";
				SWIFT_EMIT_LOC_STRINGS = YES;
				SWIFT_VERSION = 5.0;
				TARGETED_DEVICE_FAMILY = "1,2";
			};
			name = Debug;
		};
		3F8110632C775EEA005F3D4B /* Release */ = {
			isa = XCBuildConfiguration;
			buildSettings = {
				ASSETCATALOG_COMPILER_APPICON_NAME = AppIcon;
				ASSETCATALOG_COMPILER_GLOBAL_ACCENT_COLOR_NAME = AccentColor;
				CODE_SIGN_STYLE = Automatic;
				CURRENT_PROJECT_VERSION = 1;
				DEVELOPMENT_ASSET_PATHS = "\"TestAppForJob/Preview Content\"";
				DEVELOPMENT_TEAM = UBRTH86SZ3;
				ENABLE_PREVIEWS = YES;
				GENERATE_INFOPLIST_FILE = YES;
				INFOPLIST_KEY_UIApplicationSceneManifest_Generation = YES;
				INFOPLIST_KEY_UIApplicationSupportsIndirectInputEvents = YES;
				INFOPLIST_KEY_UILaunchScreen_Generation = YES;
				INFOPLIST_KEY_UISupportedInterfaceOrientations_iPad = "UIInterfaceOrientationPortrait UIInterfaceOrientationPortraitUpsideDown UIInterfaceOrientationLandscapeLeft UIInterfaceOrientationLandscapeRight";
				INFOPLIST_KEY_UISupportedInterfaceOrientations_iPhone = "UIInterfaceOrientationPortrait UIInterfaceOrientationLandscapeLeft UIInterfaceOrientationLandscapeRight";
				LD_RUNPATH_SEARCH_PATHS = (
					"$(inherited)",
					"@executable_path/Frameworks",
				);
				MARKETING_VERSION = 1.0;
				PRODUCT_BUNDLE_IDENTIFIER = kairatovalmat.TestAppForJob;
				PRODUCT_NAME = "$(TARGET_NAME)";
				SWIFT_EMIT_LOC_STRINGS = YES;
				SWIFT_VERSION = 5.0;
				TARGETED_DEVICE_FAMILY = "1,2";
			};
			name = Release;
		};
/* End XCBuildConfiguration section */

/* Begin XCConfigurationList section */
		3F81104E2C775EE8005F3D4B /* Build configuration list for PBXProject "TestAppForJob" */ = {
			isa = XCConfigurationList;
			buildConfigurations = (
				3F81105F2C775EEA005F3D4B /* Debug */,
				3F8110602C775EEA005F3D4B /* Release */,
			);
			defaultConfigurationIsVisible = 0;
			defaultConfigurationName = Release;
		};
		3F8110612C775EEA005F3D4B /* Build configuration list for PBXNativeTarget "TestAppForJob" */ = {
			isa = XCConfigurationList;
			buildConfigurations = (
				3F8110622C775EEA005F3D4B /* Debug */,
				3F8110632C775EEA005F3D4B /* Release */,
			);
			defaultConfigurationIsVisible = 0;
			defaultConfigurationName = Release;
		};
/* End XCConfigurationList section */
	};
	rootObject = 3F81104B2C775EE8005F3D4B /* Project object */;
}
